
Microsoft Visual Studio Solution File, Format Version 12.00
# Visual Studio Version 16
VisualStudioVersion = 16.0.31205.134
MinimumVisualStudioVersion = 10.0.40219.1
Project("{9A19103F-16F7-4668-BE54-9A1E7A4F7556}") = "HouserAPI", "HouserAPI\HouserAPI.csproj", "{1249006A-4B41-4DFF-BBC8-00C5F5F4E6FE}"
EndProject
Project("{FAE04EC0-301F-11D3-BF4B-00C04F79EFBC}") = "HouserAPI-Test", "HouserAPI-Test\HouserAPI-Test.csproj", "{31628209-AE41-4933-929C-C9E17AAAEEC5}"
EndProject
Global
	GlobalSection(SolutionConfigurationPlatforms) = preSolution
		Debug|Any CPU = Debug|Any CPU
		Release|Any CPU = Release|Any CPU
	EndGlobalSection
	GlobalSection(ProjectConfigurationPlatforms) = postSolution
		{1249006A-4B41-4DFF-BBC8-00C5F5F4E6FE}.Debug|Any CPU.ActiveCfg = Debug|Any CPU
		{1249006A-4B41-4DFF-BBC8-00C5F5F4E6FE}.Debug|Any CPU.Build.0 = Debug|Any CPU
		{1249006A-4B41-4DFF-BBC8-00C5F5F4E6FE}.Release|Any CPU.ActiveCfg = Release|Any CPU
		{1249006A-4B41-4DFF-BBC8-00C5F5F4E6FE}.Release|Any CPU.Build.0 = Release|Any CPU
		{31628209-AE41-4933-929C-C9E17AAAEEC5}.Debug|Any CPU.ActiveCfg = Debug|Any CPU
		{31628209-AE41-4933-929C-C9E17AAAEEC5}.Debug|Any CPU.Build.0 = Debug|Any CPU
		{31628209-AE41-4933-929C-C9E17AAAEEC5}.Release|Any CPU.ActiveCfg = Release|Any CPU
		{31628209-AE41-4933-929C-C9E17AAAEEC5}.Release|Any CPU.Build.0 = Release|Any CPU
	EndGlobalSection
	GlobalSection(SolutionProperties) = preSolution
		HideSolutionNode = FALSE
	EndGlobalSection
	GlobalSection(ExtensibilityGlobals) = postSolution
		SolutionGuid = {2ECA9FB9-3266-4580-9FEF-E70833193A31}
	EndGlobalSection
EndGlobal
